// !$*UTF8*$!
{
	archiveVersion = 1;
	classes = {
	};
	objectVersion = 48;
	objects = {

/* Begin PBXBuildFile section */
		FAF324AC1F4C24B600E2BDDB /* AppDelegate.swift in Sources */ = {isa = PBXBuildFile; fileRef = FAF324AB1F4C24B600E2BDDB /* AppDelegate.swift */; };
		FAF324AE1F4C24B600E2BDDB /* ViewController.swift in Sources */ = {isa = PBXBuildFile; fileRef = FAF324AD1F4C24B600E2BDDB /* ViewController.swift */; };
		FAF324B11F4C24B600E2BDDB /* Main.storyboard in Resources */ = {isa = PBXBuildFile; fileRef = FAF324AF1F4C24B600E2BDDB /* Main.storyboard */; };
		FAF324B31F4C24B600E2BDDB /* Assets.xcassets in Resources */ = {isa = PBXBuildFile; fileRef = FAF324B21F4C24B600E2BDDB /* Assets.xcassets */; };
		FAF324B61F4C24B600E2BDDB /* LaunchScreen.storyboard in Resources */ = {isa = PBXBuildFile; fileRef = FAF324B41F4C24B600E2BDDB /* LaunchScreen.storyboard */; };
/* End PBXBuildFile section */

/* Begin PBXFileReference section */
		FAF324A81F4C24B600E2BDDB /* HW6~Tips.app */ = {isa = PBXFileReference; explicitFileType = wrapper.application; includeInIndex = 0; path = "HW6~Tips.app"; sourceTree = BUILT_PRODUCTS_DIR; };
		FAF324AB1F4C24B600E2BDDB /* AppDelegate.swift */ = {isa = PBXFileReference; lastKnownFileType = sourcecode.swift; path = AppDelegate.swift; sourceTree = "<group>"; };
		FAF324AD1F4C24B600E2BDDB /* ViewController.swift */ = {isa = PBXFileReference; lastKnownFileType = sourcecode.swift; path = ViewController.swift; sourceTree = "<group>"; };
		FAF324B01F4C24B600E2BDDB /* Base */ = {isa = PBXFileReference; lastKnownFileType = file.storyboard; name = Base; path = Base.lproj/Main.storyboard; sourceTree = "<group>"; };
		FAF324B21F4C24B600E2BDDB /* Assets.xcassets */ = {isa = PBXFileReference; lastKnownFileType = folder.assetcatalog; path = Assets.xcassets; sourceTree = "<group>"; };
		FAF324B51F4C24B600E2BDDB /* Base */ = {isa = PBXFileReference; lastKnownFileType = file.storyboard; name = Base; path = Base.lproj/LaunchScreen.storyboard; sourceTree = "<group>"; };
		FAF324B71F4C24B600E2BDDB /* Info.plist */ = {isa = PBXFileReference; lastKnownFileType = text.plist.xml; path = Info.plist; sourceTree = "<group>"; };
/* End PBXFileReference section */

/* Begin PBXFrameworksBuildPhase section */
		FAF324A51F4C24B600E2BDDB /* Frameworks */ = {
			isa = PBXFrameworksBuildPhase;
			buildActionMask = 2147483647;
			files = (
			);
			runOnlyForDeploymentPostprocessing = 0;
		};
/* End PBXFrameworksBuildPhase section */

/* Begin PBXGroup section */
		FAF3249F1F4C24B600E2BDDB = {
			isa = PBXGroup;
			children = (
				FAF324AA1F4C24B600E2BDDB /* HW6~Tips */,
				FAF324A91F4C24B600E2BDDB /* Products */,
			);
			sourceTree = "<group>";
		};
		FAF324A91F4C24B600E2BDDB /* Products */ = {
			isa = PBXGroup;
			children = (
				FAF324A81F4C24B600E2BDDB /* HW6~Tips.app */,
			);
			name = Products;
			sourceTree = "<group>";
		};
		FAF324AA1F4C24B600E2BDDB /* HW6~Tips */ = {
			isa = PBXGroup;
			children = (
				FAF324AB1F4C24B600E2BDDB /* AppDelegate.swift */,
				FAF324AD1F4C24B600E2BDDB /* ViewController.swift */,
				FAF324AF1F4C24B600E2BDDB /* Main.storyboard */,
				FAF324B21F4C24B600E2BDDB /* Assets.xcassets */,
				FAF324B41F4C24B600E2BDDB /* LaunchScreen.storyboard */,
				FAF324B71F4C24B600E2BDDB /* Info.plist */,
			);
			path = "HW6~Tips";
			sourceTree = "<group>";
		};
/* End PBXGroup section */

/* Begin PBXNativeTarget section */
		FAF324A71F4C24B600E2BDDB /* HW6~Tips */ = {
			isa = PBXNativeTarget;
			buildConfigurationList = FAF324BA1F4C24B600E2BDDB /* Build configuration list for PBXNativeTarget "HW6~Tips" */;
			buildPhases = (
				FAF324A41F4C24B600E2BDDB /* Sources */,
				FAF324A51F4C24B600E2BDDB /* Frameworks */,
				FAF324A61F4C24B600E2BDDB /* Resources */,
			);
			buildRules = (
			);
			dependencies = (
			);
			name = "HW6~Tips";
			productName = "HW6~Tips";
			productReference = FAF324A81F4C24B600E2BDDB /* HW6~Tips.app */;
			productType = "com.apple.product-type.application";
		};
/* End PBXNativeTarget section */

/* Begin PBXProject section */
		FAF324A01F4C24B600E2BDDB /* Project object */ = {
			isa = PBXProject;
			attributes = {
				LastSwiftUpdateCheck = 0900;
				LastUpgradeCheck = 0900;
				ORGANIZATIONNAME = "Alex Hsieh";
				TargetAttributes = {
					FAF324A71F4C24B600E2BDDB = {
						CreatedOnToolsVersion = 9.0;
					};
				};
			};
			buildConfigurationList = FAF324A31F4C24B600E2BDDB /* Build configuration list for PBXProject "HW6~Tips" */;
			compatibilityVersion = "Xcode 8.0";
			developmentRegion = en;
			hasScannedForEncodings = 0;
			knownRegions = (
				en,
				Base,
			);
			mainGroup = FAF3249F1F4C24B600E2BDDB;
			productRefGroup = FAF324A91F4C24B600E2BDDB /* Products */;
			projectDirPath = "";
			projectRoot = "";
			targets = (
				FAF324A71F4C24B600E2BDDB /* HW6~Tips */,
			);
		};
/* End PBXProject section */

/* Begin PBXResourcesBuildPhase section */
		FAF324A61F4C24B600E2BDDB /* Resources */ = {
			isa = PBXResourcesBuildPhase;
			buildActionMask = 2147483647;
			files = (
				FAF324B61F4C24B600E2BDDB /* LaunchScreen.storyboard in Resources */,
				FAF324B31F4C24B600E2BDDB /* Assets.xcassets in Resources */,
				FAF324B11F4C24B600E2BDDB /* Main.storyboard in Resources */,
			);
			runOnlyForDeploymentPostprocessing = 0;
		};
/* End PBXResourcesBuildPhase section */

/* Begin PBXSourcesBuildPhase section */
		FAF324A41F4C24B600E2BDDB /* Sources */ = {
			isa = PBXSourcesBuildPhase;
			buildActionMask = 2147483647;
			files = (
				FAF324AE1F4C24B600E2BDDB /* ViewController.swift in Sources */,
				FAF324AC1F4C24B600E2BDDB /* AppDelegate.swift in Sources */,
			);
			runOnlyForDeploymentPostprocessing = 0;
		};
/* End PBXSourcesBuildPhase section */

/* Begin PBXVariantGroup section */
		FAF324AF1F4C24B600E2BDDB /* Main.storyboard */ = {
			isa = PBXVariantGroup;
			children = (
				FAF324B01F4C24B600E2BDDB /* Base */,
			);
			name = Main.storyboard;
			sourceTree = "<group>";
		};
		FAF324B41F4C24B600E2BDDB /* LaunchScreen.storyboard */ = {
			isa = PBXVariantGroup;
			children = (
				FAF324B51F4C24B600E2BDDB /* Base */,
			);
			name = LaunchScreen.storyboard;
			sourceTree = "<group>";
		};
/* End PBXVariantGroup section */

/* Begin XCBuildConfiguration section */
		FAF324B81F4C24B600E2BDDB /* Debug */ = {
			isa = XCBuildConfiguration;
			buildSettings = {
				ALWAYS_SEARCH_USER_PATHS = NO;
				CLANG_ANALYZER_NONNULL = YES;
				CLANG_ANALYZER_NUMBER_OBJECT_CONVERSION = YES_AGGRESSIVE;
				CLANG_CXX_LANGUAGE_STANDARD = "gnu++14";
				CLANG_CXX_LIBRARY = "libc++";
				CLANG_ENABLE_MODULES = YES;
				CLANG_ENABLE_OBJC_ARC = YES;
				CLANG_WARN_BLOCK_CAPTURE_AUTORELEASING = YES;
				CLANG_WARN_BOOL_CONVERSION = YES;
				CLANG_WARN_COMMA = YES;
				CLANG_WARN_CONSTANT_CONVERSION = YES;
				CLANG_WARN_DIRECT_OBJC_ISA_USAGE = YES_ERROR;
				CLANG_WARN_DOCUMENTATION_COMMENTS = YES;
				CLANG_WARN_EMPTY_BODY = YES;
				CLANG_WARN_ENUM_CONVERSION = YES;
				CLANG_WARN_INFINITE_RECURSION = YES;
				CLANG_WARN_INT_CONVERSION = YES;
				CLANG_WARN_NON_LITERAL_NULL_CONVERSION = YES;
				CLANG_WARN_OBJC_LITERAL_CONVERSION = YES;
				CLANG_WARN_OBJC_ROOT_CLASS = YES_ERROR;
				CLANG_WARN_RANGE_LOOP_ANALYSIS = YES;
				CLANG_WARN_STRICT_PROTOTYPES = YES;
				CLANG_WARN_SUSPICIOUS_MOVE = YES;
				CLANG_WARN_UNGUARDED_AVAILABILITY = YES_AGGRESSIVE;
				CLANG_WARN_UNREACHABLE_CODE = YES;
				CLANG_WARN__DUPLICATE_METHOD_MATCH = YES;
				CODE_SIGN_IDENTITY = "iPhone Developer";
				COPY_PHASE_STRIP = NO;
				DEBUG_INFORMATION_FORMAT = dwarf;
				ENABLE_STRICT_OBJC_MSGSEND = YES;
				ENABLE_TESTABILITY = YES;
				GCC_C_LANGUAGE_STANDARD = gnu11;
				GCC_DYNAMIC_NO_PIC = NO;
				GCC_NO_COMMON_BLOCKS = YES;
				GCC_OPTIMIZATION_LEVEL = 0;
				GCC_PREPROCESSOR_DEFINITIONS = (
					"DEBUG=1",
					"$(inherited)",
				);
				GCC_WARN_64_TO_32_BIT_CONVERSION = YES;
				GCC_WARN_ABOUT_RETURN_TYPE = YES_ERROR;
				GCC_WARN_UNDECLARED_SELECTOR = YES;
				GCC_WARN_UNINITIALIZED_AUTOS = YES_AGGRESSIVE;
				GCC_WARN_UNUSED_FUNCTION = YES;
				GCC_WARN_UNUSED_VARIABLE = YES;
				IPHONEOS_DEPLOYMENT_TARGET = 11.0;
				MTL_ENABLE_DEBUG_INFO = YES;
				ONLY_ACTIVE_ARCH = YES;
				SDKROOT = iphoneos;
				SWIFT_ACTIVE_COMPILATION_CONDITIONS = DEBUG;
				SWIFT_OPTIMIZATION_LEVEL = "-Onone";
			};
			name = Debug;
		};
		FAF324B91F4C24B600E2BDDB /* Release */ = {
			isa = XCBuildConfiguration;
			buildSettings = {
				ALWAYS_SEARCH_USER_PATHS = NO;
				CLANG_ANALYZER_NONNULL = YES;
				CLANG_ANALYZER_NUMBER_OBJECT_CONVERSION = YES_AGGRESSIVE;
				CLANG_CXX_LANGUAGE_STANDARD = "gnu++14";
				CLANG_CXX_LIBRARY = "libc++";
				CLANG_ENABLE_MODULES = YES;
				CLANG_ENABLE_OBJC_ARC = YES;
				CLANG_WARN_BLOCK_CAPTURE_AUTORELEASING = YES;
				CLANG_WARN_BOOL_CONVERSION = YES;
				CLANG_WARN_COMMA = YES;
				CLANG_WARN_CONSTANT_CONVERSION = YES;
				CLANG_WARN_DIRECT_OBJC_ISA_USAGE = YES_ERROR;
				CLANG_WARN_DOCUMENTATION_COMMENTS = YES;
				CLANG_WARN_EMPTY_BODY = YES;
				CLANG_WARN_ENUM_CONVERSION = YES;
				CLANG_WARN_INFINITE_RECURSION = YES;
				CLANG_WARN_INT_CONVERSION = YES;
				CLANG_WARN_NON_LITERAL_NULL_CONVERSION = YES;
				CLANG_WARN_OBJC_LITERAL_CONVERSION = YES;
				CLANG_WARN_OBJC_ROOT_CLASS = YES_ERROR;
				CLANG_WARN_RANGE_LOOP_ANALYSIS = YES;
				CLANG_WARN_STRICT_PROTOTYPES = YES;
				CLANG_WARN_SUSPICIOUS_MOVE = YES;
				CLANG_WARN_UNGUARDED_AVAILABILITY = YES_AGGRESSIVE;
				CLANG_WARN_UNREACHABLE_CODE = YES;
				CLANG_WARN__DUPLICATE_METHOD_MATCH = YES;
				CODE_SIGN_IDENTITY = "iPhone Developer";
				COPY_PHASE_STRIP = NO;
				DEBUG_INFORMATION_FORMAT = "dwarf-with-dsym";
				ENABLE_NS_ASSERTIONS = NO;
				ENABLE_STRICT_OBJC_MSGSEND = YES;
				GCC_C_LANGUAGE_STANDARD = gnu11;
				GCC_NO_COMMON_BLOCKS = YES;
				GCC_WARN_64_TO_32_BIT_CONVERSION = YES;
				GCC_WARN_ABOUT_RETURN_TYPE = YES_ERROR;
				GCC_WARN_UNDECLARED_SELECTOR = YES;
				GCC_WARN_UNINITIALIZED_AUTOS = YES_AGGRESSIVE;
				GCC_WARN_UNUSED_FUNCTION = YES;
				GCC_WARN_UNUSED_VARIABLE = YES;
				IPHONEOS_DEPLOYMENT_TARGET = 11.0;
				MTL_ENABLE_DEBUG_INFO = NO;
				SDKROOT = iphoneos;
				SWIFT_OPTIMIZATION_LEVEL = "-Owholemodule";
				VALIDATE_PRODUCT = YES;
			};
			name = Release;
		};
		FAF324BB1F4C24B600E2BDDB /* Debug */ = {
			isa = XCBuildConfiguration;
			buildSettings = {
				ASSETCATALOG_COMPILER_APPICON_NAME = AppIcon;
				INFOPLIST_FILE = "HW6~Tips/Info.plist";
				LD_RUNPATH_SEARCH_PATHS = "$(inherited) @executable_path/Frameworks";
				PRODUCT_BUNDLE_IDENTIFIER = "com.devslopes.HW6-Tips";
				PRODUCT_NAME = "$(TARGET_NAME)";
				SWIFT_VERSION = 4.0;
				TARGETED_DEVICE_FAMILY = "1,2";
			};
			name = Debug;
		};
		FAF324BC1F4C24B600E2BDDB /* Release */ = {
			isa = XCBuildConfiguration;
			buildSettings = {
				ASSETCATALOG_COMPILER_APPICON_NAME = AppIcon;
				INFOPLIST_FILE = "HW6~Tips/Info.plist";
				LD_RUNPATH_SEARCH_PATHS = "$(inherited) @executable_path/Frameworks";
				PRODUCT_BUNDLE_IDENTIFIER = "com.devslopes.HW6-Tips";
				PRODUCT_NAME = "$(TARGET_NAME)";
				SWIFT_VERSION = 4.0;
				TARGETED_DEVICE_FAMILY = "1,2";
			};
			name = Release;
		};
/* End XCBuildConfiguration section */

/* Begin XCConfigurationList section */
		FAF324A31F4C24B600E2BDDB /* Build configuration list for PBXProject "HW6~Tips" */ = {
			isa = XCConfigurationList;
			buildConfigurations = (
				FAF324B81F4C24B600E2BDDB /* Debug */,
				FAF324B91F4C24B600E2BDDB /* Release */,
			);
			defaultConfigurationIsVisible = 0;
			defaultConfigurationName = Release;
		};
		FAF324BA1F4C24B600E2BDDB /* Build configuration list for PBXNativeTarget "HW6~Tips" */ = {
			isa = XCConfigurationList;
			buildConfigurations = (
				FAF324BB1F4C24B600E2BDDB /* Debug */,
				FAF324BC1F4C24B600E2BDDB /* Release */,
			);
			defaultConfigurationIsVisible = 0;
		};
/* End XCConfigurationList section */
	};
	rootObject = FAF324A01F4C24B600E2BDDB /* Project object */;
}
